
Microsoft Visual Studio Solution File, Format Version 12.00
# Visual Studio Version 16
VisualStudioVersion = 16.0.30413.136
MinimumVisualStudioVersion = 10.0.40219.1
Project("{9A19103F-16F7-4668-BE54-9A1E7A4F7556}") = "TeamNotationAPI", "TeamNotationAPI\TeamNotationAPI.csproj", "{1BF1EBAB-DD73-4672-B5B0-9463337719F8}"
EndProject
Project("{9A19103F-16F7-4668-BE54-9A1E7A4F7556}") = "Repository", "Repository\Repository.csproj", "{868B2DB4-5816-4738-BCA2-FC9A66FC39E3}"
EndProject
Project("{9A19103F-16F7-4668-BE54-9A1E7A4F7556}") = "Service", "Service\Service.csproj", "{BB954563-1C38-49B0-9C8C-603976A9C414}"
EndProject
Project("{9A19103F-16F7-4668-BE54-9A1E7A4F7556}") = "Domain", "Domain\Domain.csproj", "{AA8B17D5-3C0C-43E6-A302-34731B6AB11F}"
EndProject
Project("{9A19103F-16F7-4668-BE54-9A1E7A4F7556}") = "Auth", "Auth\Auth.csproj", "{3DA4EB34-F496-4D65-AD0A-7C22F1AD4F97}"
EndProject
Global
	GlobalSection(SolutionConfigurationPlatforms) = preSolution
		Debug|Any CPU = Debug|Any CPU
		Release|Any CPU = Release|Any CPU
	EndGlobalSection
	GlobalSection(ProjectConfigurationPlatforms) = postSolution
		{1BF1EBAB-DD73-4672-B5B0-9463337719F8}.Debug|Any CPU.ActiveCfg = Debug|Any CPU
		{1BF1EBAB-DD73-4672-B5B0-9463337719F8}.Debug|Any CPU.Build.0 = Debug|Any CPU
		{1BF1EBAB-DD73-4672-B5B0-9463337719F8}.Release|Any CPU.ActiveCfg = Release|Any CPU
		{1BF1EBAB-DD73-4672-B5B0-9463337719F8}.Release|Any CPU.Build.0 = Release|Any CPU
		{868B2DB4-5816-4738-BCA2-FC9A66FC39E3}.Debug|Any CPU.ActiveCfg = Debug|Any CPU
		{868B2DB4-5816-4738-BCA2-FC9A66FC39E3}.Debug|Any CPU.Build.0 = Debug|Any CPU
		{868B2DB4-5816-4738-BCA2-FC9A66FC39E3}.Release|Any CPU.ActiveCfg = Release|Any CPU
		{868B2DB4-5816-4738-BCA2-FC9A66FC39E3}.Release|Any CPU.Build.0 = Release|Any CPU
		{BB954563-1C38-49B0-9C8C-603976A9C414}.Debug|Any CPU.ActiveCfg = Debug|Any CPU
		{BB954563-1C38-49B0-9C8C-603976A9C414}.Debug|Any CPU.Build.0 = Debug|Any CPU
		{BB954563-1C38-49B0-9C8C-603976A9C414}.Release|Any CPU.ActiveCfg = Release|Any CPU
		{BB954563-1C38-49B0-9C8C-603976A9C414}.Release|Any CPU.Build.0 = Release|Any CPU
		{AA8B17D5-3C0C-43E6-A302-34731B6AB11F}.Debug|Any CPU.ActiveCfg = Debug|Any CPU
		{AA8B17D5-3C0C-43E6-A302-34731B6AB11F}.Debug|Any CPU.Build.0 = Debug|Any CPU
		{AA8B17D5-3C0C-43E6-A302-34731B6AB11F}.Release|Any CPU.ActiveCfg = Release|Any CPU
		{AA8B17D5-3C0C-43E6-A302-34731B6AB11F}.Release|Any CPU.Build.0 = Release|Any CPU
		{3DA4EB34-F496-4D65-AD0A-7C22F1AD4F97}.Debug|Any CPU.ActiveCfg = Debug|Any CPU
		{3DA4EB34-F496-4D65-AD0A-7C22F1AD4F97}.Debug|Any CPU.Build.0 = Debug|Any CPU
		{3DA4EB34-F496-4D65-AD0A-7C22F1AD4F97}.Release|Any CPU.ActiveCfg = Release|Any CPU
		{3DA4EB34-F496-4D65-AD0A-7C22F1AD4F97}.Release|Any CPU.Build.0 = Release|Any CPU
	EndGlobalSection
	GlobalSection(SolutionProperties) = preSolution
		HideSolutionNode = FALSE
	EndGlobalSection
	GlobalSection(ExtensibilityGlobals) = postSolution
		SolutionGuid = {D796850E-8AD4-464C-AA5C-233A861B0D43}
	EndGlobalSection
EndGlobal
